PODS:
  - BouncyCastle-ObjC (0.1.0)

DEPENDENCIES:
  - BouncyCastle-ObjC (from `../`)

EXTERNAL SOURCES:
  BouncyCastle-ObjC:
    :path: "../"

SPEC CHECKSUMS:
  BouncyCastle-ObjC: e9e35f6cf5b1333f6ce4cc6bb5ab19cbf5dfc7aa

PODFILE CHECKSUM: 29fde1e6c2bd55bbfa6dece11865f05685d5ef3d

COCOAPODS: 1.7.0
