PODS:
  - BouncyCastle-ObjC (0.1.0)

DEPENDENCIES:
  - BouncyCastle-ObjC (from `../`)

EXTERNAL SOURCES:
  BouncyCastle-ObjC:
    :path: "../"

SPEC CHECKSUMS:
  BouncyCastle-ObjC: e9e35f6cf5b1333f6ce4cc6bb5ab19cbf5dfc7aa

PODFILE CHECKSUM: 9147a2f86ee739973eb2cc3065beab5b74d49d6b

COCOAPODS: 1.8.4
